
Microsoft Visual Studio Solution File, Format Version 12.00
# Visual Studio Version 17
VisualStudioVersion = 17.9.34616.47
MinimumVisualStudioVersion = 10.0.40219.1
Project("{2150E333-8FDC-42A3-9474-1A3956D46DE8}") = "src", "src", "{6A627479-16FD-4938-8707-D393CDA11517}"
EndProject
Project("{2150E333-8FDC-42A3-9474-1A3956D46DE8}") = "tests", "tests", "{F546EE0E-26C0-4CF1-AD16-600195BD4B53}"
EndProject
Project("{2150E333-8FDC-42A3-9474-1A3956D46DE8}") = "Core", "Core", "{2704C9A0-83B1-4C4B-A0FB-5D2E5BBBC968}"
EndProject
Project("{2150E333-8FDC-42A3-9474-1A3956D46DE8}") = "Infastructure", "Infastructure", "{F68C3D5E-97AB-4250-B99C-3A33449827D4}"
EndProject
Project("{2150E333-8FDC-42A3-9474-1A3956D46DE8}") = "Presentation", "Presentation", "{1AD92A96-C3E7-4CBD-B81E-9C7ECD87C009}"
EndProject
Project("{9A19103F-16F7-4668-BE54-9A1E7A4F7556}") = "BookingProject.Domain", "src\Core\BookingProject.Domain\BookingProject.Domain.csproj", "{446F4CCA-C3D5-40F2-BE0B-A3FAC5949483}"
EndProject
Project("{9A19103F-16F7-4668-BE54-9A1E7A4F7556}") = "BookingProject.Application", "src\Core\BookingProject.Application\BookingProject.Application.csproj", "{47061AFB-55CB-459B-9C51-A6A7D9D0FC55}"
EndProject
Project("{9A19103F-16F7-4668-BE54-9A1E7A4F7556}") = "BookingProject.Infastructure", "src\Infastructure\BookingProject.Infastructure\BookingProject.Infastructure.csproj", "{93FD7B37-AE53-427C-A4A8-D3E62AAB9BD4}"
EndProject
Project("{9A19103F-16F7-4668-BE54-9A1E7A4F7556}") = "BookingProject.Persistence", "src\Infastructure\BookingProject.Persistence\BookingProject.Persistence.csproj", "{54189845-717E-44B0-98C0-8C0A04969C3C}"
EndProject
Project("{9A19103F-16F7-4668-BE54-9A1E7A4F7556}") = "BookingProject.API", "src\Presentation\BookingProject.API\BookingProject.API.csproj", "{4DF22BC7-EB53-4799-A78F-17B051C90CE3}"
EndProject
Project("{9A19103F-16F7-4668-BE54-9A1E7A4F7556}") = "BookingProject.MVC", "src\Presentation\BookingProject.MVC\BookingProject.MVC.csproj", "{1FB2484A-68DF-4070-81F0-B4B792AD6980}"
EndProject
Global
	GlobalSection(SolutionConfigurationPlatforms) = preSolution
		Debug|Any CPU = Debug|Any CPU
		Release|Any CPU = Release|Any CPU
	EndGlobalSection
	GlobalSection(ProjectConfigurationPlatforms) = postSolution
		{446F4CCA-C3D5-40F2-BE0B-A3FAC5949483}.Debug|Any CPU.ActiveCfg = Debug|Any CPU
		{446F4CCA-C3D5-40F2-BE0B-A3FAC5949483}.Debug|Any CPU.Build.0 = Debug|Any CPU
		{446F4CCA-C3D5-40F2-BE0B-A3FAC5949483}.Release|Any CPU.ActiveCfg = Release|Any CPU
		{446F4CCA-C3D5-40F2-BE0B-A3FAC5949483}.Release|Any CPU.Build.0 = Release|Any CPU
		{47061AFB-55CB-459B-9C51-A6A7D9D0FC55}.Debug|Any CPU.ActiveCfg = Debug|Any CPU
		{47061AFB-55CB-459B-9C51-A6A7D9D0FC55}.Debug|Any CPU.Build.0 = Debug|Any CPU
		{47061AFB-55CB-459B-9C51-A6A7D9D0FC55}.Release|Any CPU.ActiveCfg = Release|Any CPU
		{47061AFB-55CB-459B-9C51-A6A7D9D0FC55}.Release|Any CPU.Build.0 = Release|Any CPU
		{93FD7B37-AE53-427C-A4A8-D3E62AAB9BD4}.Debug|Any CPU.ActiveCfg = Debug|Any CPU
		{93FD7B37-AE53-427C-A4A8-D3E62AAB9BD4}.Debug|Any CPU.Build.0 = Debug|Any CPU
		{93FD7B37-AE53-427C-A4A8-D3E62AAB9BD4}.Release|Any CPU.ActiveCfg = Release|Any CPU
		{93FD7B37-AE53-427C-A4A8-D3E62AAB9BD4}.Release|Any CPU.Build.0 = Release|Any CPU
		{54189845-717E-44B0-98C0-8C0A04969C3C}.Debug|Any CPU.ActiveCfg = Debug|Any CPU
		{54189845-717E-44B0-98C0-8C0A04969C3C}.Debug|Any CPU.Build.0 = Debug|Any CPU
		{54189845-717E-44B0-98C0-8C0A04969C3C}.Release|Any CPU.ActiveCfg = Release|Any CPU
		{54189845-717E-44B0-98C0-8C0A04969C3C}.Release|Any CPU.Build.0 = Release|Any CPU
		{4DF22BC7-EB53-4799-A78F-17B051C90CE3}.Debug|Any CPU.ActiveCfg = Debug|Any CPU
		{4DF22BC7-EB53-4799-A78F-17B051C90CE3}.Debug|Any CPU.Build.0 = Debug|Any CPU
		{4DF22BC7-EB53-4799-A78F-17B051C90CE3}.Release|Any CPU.ActiveCfg = Release|Any CPU
		{4DF22BC7-EB53-4799-A78F-17B051C90CE3}.Release|Any CPU.Build.0 = Release|Any CPU
		{1FB2484A-68DF-4070-81F0-B4B792AD6980}.Debug|Any CPU.ActiveCfg = Debug|Any CPU
		{1FB2484A-68DF-4070-81F0-B4B792AD6980}.Debug|Any CPU.Build.0 = Debug|Any CPU
		{1FB2484A-68DF-4070-81F0-B4B792AD6980}.Release|Any CPU.ActiveCfg = Release|Any CPU
		{1FB2484A-68DF-4070-81F0-B4B792AD6980}.Release|Any CPU.Build.0 = Release|Any CPU
	EndGlobalSection
	GlobalSection(SolutionProperties) = preSolution
		HideSolutionNode = FALSE
	EndGlobalSection
	GlobalSection(NestedProjects) = preSolution
		{2704C9A0-83B1-4C4B-A0FB-5D2E5BBBC968} = {6A627479-16FD-4938-8707-D393CDA11517}
		{F68C3D5E-97AB-4250-B99C-3A33449827D4} = {6A627479-16FD-4938-8707-D393CDA11517}
		{1AD92A96-C3E7-4CBD-B81E-9C7ECD87C009} = {6A627479-16FD-4938-8707-D393CDA11517}
		{446F4CCA-C3D5-40F2-BE0B-A3FAC5949483} = {2704C9A0-83B1-4C4B-A0FB-5D2E5BBBC968}
		{47061AFB-55CB-459B-9C51-A6A7D9D0FC55} = {2704C9A0-83B1-4C4B-A0FB-5D2E5BBBC968}
		{93FD7B37-AE53-427C-A4A8-D3E62AAB9BD4} = {F68C3D5E-97AB-4250-B99C-3A33449827D4}
		{54189845-717E-44B0-98C0-8C0A04969C3C} = {F68C3D5E-97AB-4250-B99C-3A33449827D4}
		{4DF22BC7-EB53-4799-A78F-17B051C90CE3} = {1AD92A96-C3E7-4CBD-B81E-9C7ECD87C009}
		{1FB2484A-68DF-4070-81F0-B4B792AD6980} = {1AD92A96-C3E7-4CBD-B81E-9C7ECD87C009}
	EndGlobalSection
	GlobalSection(ExtensibilityGlobals) = postSolution
		SolutionGuid = {FED5F4F8-42F4-4314-8008-D32A09FF9D86}
	EndGlobalSection
EndGlobal
